
Microsoft Visual Studio Solution File, Format Version 12.00
# Visual Studio Version 16
VisualStudioVersion = 16.0.29613.14
MinimumVisualStudioVersion = 10.0.40219.1
Project("{FAE04EC0-301F-11D3-BF4B-00C04F79EFBC}") = "DemoModelBuilder", "DemoModelBuilder\DemoModelBuilder.csproj", "{54F3FBAB-5F0F-419A-90C1-AC2852EA9247}"
EndProject
Global
	GlobalSection(SolutionConfigurationPlatforms) = preSolution
		Debug|Any CPU = Debug|Any CPU
		Release|Any CPU = Release|Any CPU
	EndGlobalSection
	GlobalSection(ProjectConfigurationPlatforms) = postSolution
		{54F3FBAB-5F0F-419A-90C1-AC2852EA9247}.Debug|Any CPU.ActiveCfg = Debug|Any CPU
		{54F3FBAB-5F0F-419A-90C1-AC2852EA9247}.Debug|Any CPU.Build.0 = Debug|Any CPU
		{54F3FBAB-5F0F-419A-90C1-AC2852EA9247}.Release|Any CPU.ActiveCfg = Release|Any CPU
		{54F3FBAB-5F0F-419A-90C1-AC2852EA9247}.Release|Any CPU.Build.0 = Release|Any CPU
	EndGlobalSection
	GlobalSection(SolutionProperties) = preSolution
		HideSolutionNode = FALSE
	EndGlobalSection
	GlobalSection(ExtensibilityGlobals) = postSolution
		SolutionGuid = {10C99769-E6BE-4482-87EE-938CFC63BBBE}
	EndGlobalSection
EndGlobal
